
Microsoft Visual Studio Solution File, Format Version 12.00
# Visual Studio Version 17
VisualStudioVersion = 17.0.31903.59
MinimumVisualStudioVersion = 10.0.40219.1
Project("{9A19103F-16F7-4668-BE54-9A1E7A4F7556}") = "01. Aray with 10 values", "01. Aray with 10 values\01. Aray with 10 values.csproj", "{B81F5421-AC67-4B4B-AAF1-1C137DB1B438}"
EndProject
Project("{9A19103F-16F7-4668-BE54-9A1E7A4F7556}") = "02. Aray with 10 values (all othe value types)", "02. Aray with 10 values (all othe value types)\02. Aray with 10 values (all othe value types).csproj", "{45506767-39F1-4FAC-AAAC-7001941C555B}"
EndProject
Project("{9A19103F-16F7-4668-BE54-9A1E7A4F7556}") = "03. Print aray values reverse", "03. Print aray values reverse\03. Print aray values reverse.csproj", "{7057B8D8-EA95-41A0-AA2E-9190A13C1B1D}"
EndProject
Project("{9A19103F-16F7-4668-BE54-9A1E7A4F7556}") = "04. Sum of values of an array", "04. Sum of values of an array\04. Sum of values of an array.csproj", "{95DE4C56-D1DD-428F-BDAA-BEE8F1ED7B96}"
EndProject
Project("{FAE04EC0-301F-11D3-BF4B-00C04F79EFBC}") = "05. Copy array values to another array", "05. Copy array values to another array\05. Copy array values to another array.csproj", "{4438DF45-CCED-4FD4-AA89-7770A602EDFF}"
EndProject
Global
	GlobalSection(SolutionConfigurationPlatforms) = preSolution
		Debug|Any CPU = Debug|Any CPU
		Release|Any CPU = Release|Any CPU
	EndGlobalSection
	GlobalSection(ProjectConfigurationPlatforms) = postSolution
		{B81F5421-AC67-4B4B-AAF1-1C137DB1B438}.Debug|Any CPU.ActiveCfg = Debug|Any CPU
		{B81F5421-AC67-4B4B-AAF1-1C137DB1B438}.Debug|Any CPU.Build.0 = Debug|Any CPU
		{B81F5421-AC67-4B4B-AAF1-1C137DB1B438}.Release|Any CPU.ActiveCfg = Release|Any CPU
		{B81F5421-AC67-4B4B-AAF1-1C137DB1B438}.Release|Any CPU.Build.0 = Release|Any CPU
		{45506767-39F1-4FAC-AAAC-7001941C555B}.Debug|Any CPU.ActiveCfg = Debug|Any CPU
		{45506767-39F1-4FAC-AAAC-7001941C555B}.Debug|Any CPU.Build.0 = Debug|Any CPU
		{45506767-39F1-4FAC-AAAC-7001941C555B}.Release|Any CPU.ActiveCfg = Release|Any CPU
		{45506767-39F1-4FAC-AAAC-7001941C555B}.Release|Any CPU.Build.0 = Release|Any CPU
		{7057B8D8-EA95-41A0-AA2E-9190A13C1B1D}.Debug|Any CPU.ActiveCfg = Debug|Any CPU
		{7057B8D8-EA95-41A0-AA2E-9190A13C1B1D}.Debug|Any CPU.Build.0 = Debug|Any CPU
		{7057B8D8-EA95-41A0-AA2E-9190A13C1B1D}.Release|Any CPU.ActiveCfg = Release|Any CPU
		{7057B8D8-EA95-41A0-AA2E-9190A13C1B1D}.Release|Any CPU.Build.0 = Release|Any CPU
		{95DE4C56-D1DD-428F-BDAA-BEE8F1ED7B96}.Debug|Any CPU.ActiveCfg = Debug|Any CPU
		{95DE4C56-D1DD-428F-BDAA-BEE8F1ED7B96}.Debug|Any CPU.Build.0 = Debug|Any CPU
		{95DE4C56-D1DD-428F-BDAA-BEE8F1ED7B96}.Release|Any CPU.ActiveCfg = Release|Any CPU
		{95DE4C56-D1DD-428F-BDAA-BEE8F1ED7B96}.Release|Any CPU.Build.0 = Release|Any CPU
		{4438DF45-CCED-4FD4-AA89-7770A602EDFF}.Debug|Any CPU.ActiveCfg = Debug|Any CPU
		{4438DF45-CCED-4FD4-AA89-7770A602EDFF}.Debug|Any CPU.Build.0 = Debug|Any CPU
		{4438DF45-CCED-4FD4-AA89-7770A602EDFF}.Release|Any CPU.ActiveCfg = Release|Any CPU
		{4438DF45-CCED-4FD4-AA89-7770A602EDFF}.Release|Any CPU.Build.0 = Release|Any CPU
	EndGlobalSection
	GlobalSection(SolutionProperties) = preSolution
		HideSolutionNode = FALSE
	EndGlobalSection
	GlobalSection(ExtensibilityGlobals) = postSolution
		SolutionGuid = {D1DB5165-59C8-4965-9BEB-92B97E2935CE}
	EndGlobalSection
EndGlobal
