
Microsoft Visual Studio Solution File, Format Version 12.00
# Visual Studio Version 17
VisualStudioVersion = 17.0.31903.59
MinimumVisualStudioVersion = 10.0.40219.1
Project("{9A19103F-16F7-4668-BE54-9A1E7A4F7556}") = "01. Array with 10 values", "01. Aray with 10 values\01. Array with 10 values.csproj", "{B81F5421-AC67-4B4B-AAF1-1C137DB1B438}"
EndProject
Project("{9A19103F-16F7-4668-BE54-9A1E7A4F7556}") = "02. Aray with 10 values (all othe value types)", "02. Aray with 10 values (all othe value types)\02. Aray with 10 values (all othe value types).csproj", "{45506767-39F1-4FAC-AAAC-7001941C555B}"
EndProject
Project("{9A19103F-16F7-4668-BE54-9A1E7A4F7556}") = "03. Print aray values reverse", "03. Print aray values reverse\03. Print aray values reverse.csproj", "{7057B8D8-EA95-41A0-AA2E-9190A13C1B1D}"
EndProject
Project("{9A19103F-16F7-4668-BE54-9A1E7A4F7556}") = "04. Sum of values of an array", "04. Sum of values of an array\04. Sum of values of an array.csproj", "{95DE4C56-D1DD-428F-BDAA-BEE8F1ED7B96}"
EndProject
Project("{9A19103F-16F7-4668-BE54-9A1E7A4F7556}") = "05. Copy array values to another array", "05. Copy array values to another array\05. Copy array values to another array.csproj", "{4438DF45-CCED-4FD4-AA89-7770A602EDFF}"
EndProject
Project("{9A19103F-16F7-4668-BE54-9A1E7A4F7556}") = "06. Print min and max values of an array", "06. Print min and max values of an array\06. Print min and max values of an array.csproj", "{F1B294A2-EA44-4884-B6E5-5282D7F6A4FA}"
EndProject
Project("{FAE04EC0-301F-11D3-BF4B-00C04F79EFBC}") = "07. Average of array values", "07. Average of array values\07. Average of array values.csproj", "{8F21291E-E95B-4E0B-BD82-7DFADB9A16BA}"
EndProject
Project("{FAE04EC0-301F-11D3-BF4B-00C04F79EFBC}") = "08. Print negative values of array", "08. Print negative values of array\08. Print negative values of array.csproj", "{EF8CE2C0-C3FF-4C05-9642-6EA11030F6DE}"
EndProject
Project("{FAE04EC0-301F-11D3-BF4B-00C04F79EFBC}") = "09. Divide even or odd values of an array into two arrays", "09. Divide even or odd values of an array into two arrays\09. Divide even or odd values of an array into two arrays.csproj", "{BD56405C-3994-4335-B624-EA3EA949AA04}"
EndProject
Global
	GlobalSection(SolutionConfigurationPlatforms) = preSolution
		Debug|Any CPU = Debug|Any CPU
		Release|Any CPU = Release|Any CPU
	EndGlobalSection
	GlobalSection(ProjectConfigurationPlatforms) = postSolution
		{B81F5421-AC67-4B4B-AAF1-1C137DB1B438}.Debug|Any CPU.ActiveCfg = Debug|Any CPU
		{B81F5421-AC67-4B4B-AAF1-1C137DB1B438}.Debug|Any CPU.Build.0 = Debug|Any CPU
		{B81F5421-AC67-4B4B-AAF1-1C137DB1B438}.Release|Any CPU.ActiveCfg = Release|Any CPU
		{B81F5421-AC67-4B4B-AAF1-1C137DB1B438}.Release|Any CPU.Build.0 = Release|Any CPU
		{45506767-39F1-4FAC-AAAC-7001941C555B}.Debug|Any CPU.ActiveCfg = Debug|Any CPU
		{45506767-39F1-4FAC-AAAC-7001941C555B}.Debug|Any CPU.Build.0 = Debug|Any CPU
		{45506767-39F1-4FAC-AAAC-7001941C555B}.Release|Any CPU.ActiveCfg = Release|Any CPU
		{45506767-39F1-4FAC-AAAC-7001941C555B}.Release|Any CPU.Build.0 = Release|Any CPU
		{7057B8D8-EA95-41A0-AA2E-9190A13C1B1D}.Debug|Any CPU.ActiveCfg = Debug|Any CPU
		{7057B8D8-EA95-41A0-AA2E-9190A13C1B1D}.Debug|Any CPU.Build.0 = Debug|Any CPU
		{7057B8D8-EA95-41A0-AA2E-9190A13C1B1D}.Release|Any CPU.ActiveCfg = Release|Any CPU
		{7057B8D8-EA95-41A0-AA2E-9190A13C1B1D}.Release|Any CPU.Build.0 = Release|Any CPU
		{95DE4C56-D1DD-428F-BDAA-BEE8F1ED7B96}.Debug|Any CPU.ActiveCfg = Debug|Any CPU
		{95DE4C56-D1DD-428F-BDAA-BEE8F1ED7B96}.Debug|Any CPU.Build.0 = Debug|Any CPU
		{95DE4C56-D1DD-428F-BDAA-BEE8F1ED7B96}.Release|Any CPU.ActiveCfg = Release|Any CPU
		{95DE4C56-D1DD-428F-BDAA-BEE8F1ED7B96}.Release|Any CPU.Build.0 = Release|Any CPU
		{4438DF45-CCED-4FD4-AA89-7770A602EDFF}.Debug|Any CPU.ActiveCfg = Debug|Any CPU
		{4438DF45-CCED-4FD4-AA89-7770A602EDFF}.Debug|Any CPU.Build.0 = Debug|Any CPU
		{4438DF45-CCED-4FD4-AA89-7770A602EDFF}.Release|Any CPU.ActiveCfg = Release|Any CPU
		{4438DF45-CCED-4FD4-AA89-7770A602EDFF}.Release|Any CPU.Build.0 = Release|Any CPU
		{F1B294A2-EA44-4884-B6E5-5282D7F6A4FA}.Debug|Any CPU.ActiveCfg = Debug|Any CPU
		{F1B294A2-EA44-4884-B6E5-5282D7F6A4FA}.Debug|Any CPU.Build.0 = Debug|Any CPU
		{F1B294A2-EA44-4884-B6E5-5282D7F6A4FA}.Release|Any CPU.ActiveCfg = Release|Any CPU
		{F1B294A2-EA44-4884-B6E5-5282D7F6A4FA}.Release|Any CPU.Build.0 = Release|Any CPU
		{8F21291E-E95B-4E0B-BD82-7DFADB9A16BA}.Debug|Any CPU.ActiveCfg = Debug|Any CPU
		{8F21291E-E95B-4E0B-BD82-7DFADB9A16BA}.Debug|Any CPU.Build.0 = Debug|Any CPU
		{8F21291E-E95B-4E0B-BD82-7DFADB9A16BA}.Release|Any CPU.ActiveCfg = Release|Any CPU
		{8F21291E-E95B-4E0B-BD82-7DFADB9A16BA}.Release|Any CPU.Build.0 = Release|Any CPU
		{EF8CE2C0-C3FF-4C05-9642-6EA11030F6DE}.Debug|Any CPU.ActiveCfg = Debug|Any CPU
		{EF8CE2C0-C3FF-4C05-9642-6EA11030F6DE}.Debug|Any CPU.Build.0 = Debug|Any CPU
		{EF8CE2C0-C3FF-4C05-9642-6EA11030F6DE}.Release|Any CPU.ActiveCfg = Release|Any CPU
		{EF8CE2C0-C3FF-4C05-9642-6EA11030F6DE}.Release|Any CPU.Build.0 = Release|Any CPU
		{BD56405C-3994-4335-B624-EA3EA949AA04}.Debug|Any CPU.ActiveCfg = Debug|Any CPU
		{BD56405C-3994-4335-B624-EA3EA949AA04}.Debug|Any CPU.Build.0 = Debug|Any CPU
		{BD56405C-3994-4335-B624-EA3EA949AA04}.Release|Any CPU.ActiveCfg = Release|Any CPU
		{BD56405C-3994-4335-B624-EA3EA949AA04}.Release|Any CPU.Build.0 = Release|Any CPU
	EndGlobalSection
	GlobalSection(SolutionProperties) = preSolution
		HideSolutionNode = FALSE
	EndGlobalSection
	GlobalSection(ExtensibilityGlobals) = postSolution
		SolutionGuid = {D1DB5165-59C8-4965-9BEB-92B97E2935CE}
	EndGlobalSection
EndGlobal
